
Microsoft Visual Studio Solution File, Format Version 12.00
# Visual Studio Version 16
VisualStudioVersion = 16.0.30128.74
MinimumVisualStudioVersion = 10.0.40219.1
Project("{FAE04EC0-301F-11D3-BF4B-00C04F79EFBC}") = "SampleAPI", "SampleAPI\SampleAPI.csproj", "{489C7E10-5F66-4068-84A6-EAC0DFB1BA50}"
EndProject
Global
	GlobalSection(SolutionConfigurationPlatforms) = preSolution
		Debug|Any CPU = Debug|Any CPU
		Release|Any CPU = Release|Any CPU
	EndGlobalSection
	GlobalSection(ProjectConfigurationPlatforms) = postSolution
		{489C7E10-5F66-4068-84A6-EAC0DFB1BA50}.Debug|Any CPU.ActiveCfg = Debug|Any CPU
		{489C7E10-5F66-4068-84A6-EAC0DFB1BA50}.Debug|Any CPU.Build.0 = Debug|Any CPU
		{489C7E10-5F66-4068-84A6-EAC0DFB1BA50}.Release|Any CPU.ActiveCfg = Release|Any CPU
		{489C7E10-5F66-4068-84A6-EAC0DFB1BA50}.Release|Any CPU.Build.0 = Release|Any CPU
	EndGlobalSection
	GlobalSection(SolutionProperties) = preSolution
		HideSolutionNode = FALSE
	EndGlobalSection
	GlobalSection(ExtensibilityGlobals) = postSolution
		SolutionGuid = {A7C5FD20-62A7-485E-8A89-B1B69A391583}
	EndGlobalSection
EndGlobal
